// !$*UTF8*$!
{
	archiveVersion = 1;
	classes = {
	};
	objectVersion = 46;
	objects = {

/* Begin PBXBuildFile section */
		257017CA1B086EB900116861 /* PlaySoundsViewController.swift in Sources */ = {isa = PBXBuildFile; fileRef = 257017C91B086EB900116861 /* PlaySoundsViewController.swift */; };
		257017CD1B08839300116861 /* movie_quote.mp3 in Resources */ = {isa = PBXBuildFile; fileRef = 257017CC1B08839300116861 /* movie_quote.mp3 */; };
		257970C01B0E3FAA0013F9B6 /* RecordedAudio.swift in Sources */ = {isa = PBXBuildFile; fileRef = 257970BF1B0E3FAA0013F9B6 /* RecordedAudio.swift */; };
		2583278F1B011A480000BA0C /* AppDelegate.swift in Sources */ = {isa = PBXBuildFile; fileRef = 2583278E1B011A480000BA0C /* AppDelegate.swift */; };
		258327911B011A480000BA0C /* RecordSoundsViewController.swift in Sources */ = {isa = PBXBuildFile; fileRef = 258327901B011A480000BA0C /* RecordSoundsViewController.swift */; };
		258327941B011A480000BA0C /* Main.storyboard in Resources */ = {isa = PBXBuildFile; fileRef = 258327921B011A480000BA0C /* Main.storyboard */; };
		258327961B011A480000BA0C /* Images.xcassets in Resources */ = {isa = PBXBuildFile; fileRef = 258327951B011A480000BA0C /* Images.xcassets */; };
		258327991B011A480000BA0C /* LaunchScreen.xib in Resources */ = {isa = PBXBuildFile; fileRef = 258327971B011A480000BA0C /* LaunchScreen.xib */; };
		258327A51B011A480000BA0C /* Pitch_PerfectTests.swift in Sources */ = {isa = PBXBuildFile; fileRef = 258327A41B011A480000BA0C /* Pitch_PerfectTests.swift */; };
/* End PBXBuildFile section */

/* Begin PBXContainerItemProxy section */
		2583279F1B011A480000BA0C /* PBXContainerItemProxy */ = {
			isa = PBXContainerItemProxy;
			containerPortal = 258327811B011A480000BA0C /* Project object */;
			proxyType = 1;
			remoteGlobalIDString = 258327881B011A480000BA0C;
			remoteInfo = "Pitch Perfect";
		};
/* End PBXContainerItemProxy section */

/* Begin PBXFileReference section */
		257017C91B086EB900116861 /* PlaySoundsViewController.swift */ = {isa = PBXFileReference; fileEncoding = 4; lastKnownFileType = sourcecode.swift; path = PlaySoundsViewController.swift; sourceTree = "<group>"; };
		257017CC1B08839300116861 /* movie_quote.mp3 */ = {isa = PBXFileReference; lastKnownFileType = audio.mp3; path = movie_quote.mp3; sourceTree = SOURCE_ROOT; };
		257970BF1B0E3FAA0013F9B6 /* RecordedAudio.swift */ = {isa = PBXFileReference; fileEncoding = 4; lastKnownFileType = sourcecode.swift; path = RecordedAudio.swift; sourceTree = "<group>"; };
		258327891B011A480000BA0C /* Pitch Perfect.app */ = {isa = PBXFileReference; explicitFileType = wrapper.application; includeInIndex = 0; path = "Pitch Perfect.app"; sourceTree = BUILT_PRODUCTS_DIR; };
		2583278D1B011A480000BA0C /* Info.plist */ = {isa = PBXFileReference; lastKnownFileType = text.plist.xml; path = Info.plist; sourceTree = "<group>"; };
		2583278E1B011A480000BA0C /* AppDelegate.swift */ = {isa = PBXFileReference; lastKnownFileType = sourcecode.swift; path = AppDelegate.swift; sourceTree = "<group>"; };
		258327901B011A480000BA0C /* RecordSoundsViewController.swift */ = {isa = PBXFileReference; lastKnownFileType = sourcecode.swift; path = RecordSoundsViewController.swift; sourceTree = "<group>"; };
		258327931B011A480000BA0C /* Base */ = {isa = PBXFileReference; lastKnownFileType = file.storyboard; name = Base; path = Base.lproj/Main.storyboard; sourceTree = "<group>"; };
		258327951B011A480000BA0C /* Images.xcassets */ = {isa = PBXFileReference; lastKnownFileType = folder.assetcatalog; path = Images.xcassets; sourceTree = "<group>"; };
		258327981B011A480000BA0C /* Base */ = {isa = PBXFileReference; lastKnownFileType = file.xib; name = Base; path = Base.lproj/LaunchScreen.xib; sourceTree = "<group>"; };
		2583279E1B011A480000BA0C /* Pitch PerfectTests.xctest */ = {isa = PBXFileReference; explicitFileType = wrapper.cfbundle; includeInIndex = 0; path = "Pitch PerfectTests.xctest"; sourceTree = BUILT_PRODUCTS_DIR; };
		258327A31B011A480000BA0C /* Info.plist */ = {isa = PBXFileReference; lastKnownFileType = text.plist.xml; path = Info.plist; sourceTree = "<group>"; };
		258327A41B011A480000BA0C /* Pitch_PerfectTests.swift */ = {isa = PBXFileReference; lastKnownFileType = sourcecode.swift; path = Pitch_PerfectTests.swift; sourceTree = "<group>"; };
/* End PBXFileReference section */

/* Begin PBXFrameworksBuildPhase section */
		258327861B011A480000BA0C /* Frameworks */ = {
			isa = PBXFrameworksBuildPhase;
			buildActionMask = 2147483647;
			files = (
			);
			runOnlyForDeploymentPostprocessing = 0;
		};
		2583279B1B011A480000BA0C /* Frameworks */ = {
			isa = PBXFrameworksBuildPhase;
			buildActionMask = 2147483647;
			files = (
			);
			runOnlyForDeploymentPostprocessing = 0;
		};
/* End PBXFrameworksBuildPhase section */

/* Begin PBXGroup section */
		258327801B011A480000BA0C = {
			isa = PBXGroup;
			children = (
				2583278B1B011A480000BA0C /* Pitch Perfect */,
				258327A11B011A480000BA0C /* Pitch PerfectTests */,
				2583278A1B011A480000BA0C /* Products */,
			);
			sourceTree = "<group>";
		};
		2583278A1B011A480000BA0C /* Products */ = {
			isa = PBXGroup;
			children = (
				258327891B011A480000BA0C /* Pitch Perfect.app */,
				2583279E1B011A480000BA0C /* Pitch PerfectTests.xctest */,
			);
			name = Products;
			sourceTree = "<group>";
		};
		2583278B1B011A480000BA0C /* Pitch Perfect */ = {
			isa = PBXGroup;
			children = (
				257017CC1B08839300116861 /* movie_quote.mp3 */,
				2583278E1B011A480000BA0C /* AppDelegate.swift */,
				258327901B011A480000BA0C /* RecordSoundsViewController.swift */,
				258327921B011A480000BA0C /* Main.storyboard */,
				257970BF1B0E3FAA0013F9B6 /* RecordedAudio.swift */,
				257017C91B086EB900116861 /* PlaySoundsViewController.swift */,
				258327951B011A480000BA0C /* Images.xcassets */,
				258327971B011A480000BA0C /* LaunchScreen.xib */,
				2583278C1B011A480000BA0C /* Supporting Files */,
			);
			path = "Pitch Perfect";
			sourceTree = "<group>";
		};
		2583278C1B011A480000BA0C /* Supporting Files */ = {
			isa = PBXGroup;
			children = (
				2583278D1B011A480000BA0C /* Info.plist */,
			);
			name = "Supporting Files";
			sourceTree = "<group>";
		};
		258327A11B011A480000BA0C /* Pitch PerfectTests */ = {
			isa = PBXGroup;
			children = (
				258327A41B011A480000BA0C /* Pitch_PerfectTests.swift */,
				258327A21B011A480000BA0C /* Supporting Files */,
			);
			path = "Pitch PerfectTests";
			sourceTree = "<group>";
		};
		258327A21B011A480000BA0C /* Supporting Files */ = {
			isa = PBXGroup;
			children = (
				258327A31B011A480000BA0C /* Info.plist */,
			);
			name = "Supporting Files";
			sourceTree = "<group>";
		};
/* End PBXGroup section */

/* Begin PBXNativeTarget section */
		258327881B011A480000BA0C /* Pitch Perfect */ = {
			isa = PBXNativeTarget;
			buildConfigurationList = 258327A81B011A480000BA0C /* Build configuration list for PBXNativeTarget "Pitch Perfect" */;
			buildPhases = (
				258327851B011A480000BA0C /* Sources */,
				258327861B011A480000BA0C /* Frameworks */,
				258327871B011A480000BA0C /* Resources */,
			);
			buildRules = (
			);
			dependencies = (
			);
			name = "Pitch Perfect";
			productName = "Pitch Perfect";
			productReference = 258327891B011A480000BA0C /* Pitch Perfect.app */;
			productType = "com.apple.product-type.application";
		};
		2583279D1B011A480000BA0C /* Pitch PerfectTests */ = {
			isa = PBXNativeTarget;
			buildConfigurationList = 258327AB1B011A480000BA0C /* Build configuration list for PBXNativeTarget "Pitch PerfectTests" */;
			buildPhases = (
				2583279A1B011A480000BA0C /* Sources */,
				2583279B1B011A480000BA0C /* Frameworks */,
				2583279C1B011A480000BA0C /* Resources */,
			);
			buildRules = (
			);
			dependencies = (
				258327A01B011A480000BA0C /* PBXTargetDependency */,
			);
			name = "Pitch PerfectTests";
			productName = "Pitch PerfectTests";
			productReference = 2583279E1B011A480000BA0C /* Pitch PerfectTests.xctest */;
			productType = "com.apple.product-type.bundle.unit-test";
		};
/* End PBXNativeTarget section */

/* Begin PBXProject section */
		258327811B011A480000BA0C /* Project object */ = {
			isa = PBXProject;
			attributes = {
				LastUpgradeCheck = 0630;
				ORGANIZATIONNAME = BCHEW;
				TargetAttributes = {
					258327881B011A480000BA0C = {
						CreatedOnToolsVersion = 6.3.1;
					};
					2583279D1B011A480000BA0C = {
						CreatedOnToolsVersion = 6.3.1;
						TestTargetID = 258327881B011A480000BA0C;
					};
				};
			};
			buildConfigurationList = 258327841B011A480000BA0C /* Build configuration list for PBXProject "Pitch Perfect" */;
			compatibilityVersion = "Xcode 3.2";
			developmentRegion = English;
			hasScannedForEncodings = 0;
			knownRegions = (
				en,
				Base,
			);
			mainGroup = 258327801B011A480000BA0C;
			productRefGroup = 2583278A1B011A480000BA0C /* Products */;
			projectDirPath = "";
			projectRoot = "";
			targets = (
				258327881B011A480000BA0C /* Pitch Perfect */,
				2583279D1B011A480000BA0C /* Pitch PerfectTests */,
			);
		};
/* End PBXProject section */

/* Begin PBXResourcesBuildPhase section */
		258327871B011A480000BA0C /* Resources */ = {
			isa = PBXResourcesBuildPhase;
			buildActionMask = 2147483647;
			files = (
				258327941B011A480000BA0C /* Main.storyboard in Resources */,
				258327991B011A480000BA0C /* LaunchScreen.xib in Resources */,
				257017CD1B08839300116861 /* movie_quote.mp3 in Resources */,
				258327961B011A480000BA0C /* Images.xcassets in Resources */,
			);
			runOnlyForDeploymentPostprocessing = 0;
		};
		2583279C1B011A480000BA0C /* Resources */ = {
			isa = PBXResourcesBuildPhase;
			buildActionMask = 2147483647;
			files = (
			);
			runOnlyForDeploymentPostprocessing = 0;
		};
/* End PBXResourcesBuildPhase section */

/* Begin PBXSourcesBuildPhase section */
		258327851B011A480000BA0C /* Sources */ = {
			isa = PBXSourcesBuildPhase;
			buildActionMask = 2147483647;
			files = (
				257970C01B0E3FAA0013F9B6 /* RecordedAudio.swift in Sources */,
				258327911B011A480000BA0C /* RecordSoundsViewController.swift in Sources */,
				257017CA1B086EB900116861 /* PlaySoundsViewController.swift in Sources */,
				2583278F1B011A480000BA0C /* AppDelegate.swift in Sources */,
			);
			runOnlyForDeploymentPostprocessing = 0;
		};
		2583279A1B011A480000BA0C /* Sources */ = {
			isa = PBXSourcesBuildPhase;
			buildActionMask = 2147483647;
			files = (
				258327A51B011A480000BA0C /* Pitch_PerfectTests.swift in Sources */,
			);
			runOnlyForDeploymentPostprocessing = 0;
		};
/* End PBXSourcesBuildPhase section */

/* Begin PBXTargetDependency section */
		258327A01B011A480000BA0C /* PBXTargetDependency */ = {
			isa = PBXTargetDependency;
			target = 258327881B011A480000BA0C /* Pitch Perfect */;
			targetProxy = 2583279F1B011A480000BA0C /* PBXContainerItemProxy */;
		};
/* End PBXTargetDependency section */

/* Begin PBXVariantGroup section */
		258327921B011A480000BA0C /* Main.storyboard */ = {
			isa = PBXVariantGroup;
			children = (
				258327931B011A480000BA0C /* Base */,
			);
			name = Main.storyboard;
			sourceTree = "<group>";
		};
		258327971B011A480000BA0C /* LaunchScreen.xib */ = {
			isa = PBXVariantGroup;
			children = (
				258327981B011A480000BA0C /* Base */,
			);
			name = LaunchScreen.xib;
			sourceTree = "<group>";
		};
/* End PBXVariantGroup section */

/* Begin XCBuildConfiguration section */
		258327A61B011A480000BA0C /* Debug */ = {
			isa = XCBuildConfiguration;
			buildSettings = {
				ALWAYS_SEARCH_USER_PATHS = NO;
				CLANG_CXX_LANGUAGE_STANDARD = "gnu++0x";
				CLANG_CXX_LIBRARY = "libc++";
				CLANG_ENABLE_MODULES = YES;
				CLANG_ENABLE_OBJC_ARC = YES;
				CLANG_WARN_BOOL_CONVERSION = YES;
				CLANG_WARN_CONSTANT_CONVERSION = YES;
				CLANG_WARN_DIRECT_OBJC_ISA_USAGE = YES_ERROR;
				CLANG_WARN_EMPTY_BODY = YES;
				CLANG_WARN_ENUM_CONVERSION = YES;
				CLANG_WARN_INT_CONVERSION = YES;
				CLANG_WARN_OBJC_ROOT_CLASS = YES_ERROR;
				CLANG_WARN_UNREACHABLE_CODE = YES;
				CLANG_WARN__DUPLICATE_METHOD_MATCH = YES;
				"CODE_SIGN_IDENTITY[sdk=iphoneos*]" = "iPhone Developer";
				COPY_PHASE_STRIP = NO;
				DEBUG_INFORMATION_FORMAT = "dwarf-with-dsym";
				ENABLE_STRICT_OBJC_MSGSEND = YES;
				GCC_C_LANGUAGE_STANDARD = gnu99;
				GCC_DYNAMIC_NO_PIC = NO;
				GCC_NO_COMMON_BLOCKS = YES;
				GCC_OPTIMIZATION_LEVEL = 0;
				GCC_PREPROCESSOR_DEFINITIONS = (
					"DEBUG=1",
					"$(inherited)",
				);
				GCC_SYMBOLS_PRIVATE_EXTERN = NO;
				GCC_WARN_64_TO_32_BIT_CONVERSION = YES;
				GCC_WARN_ABOUT_RETURN_TYPE = YES_ERROR;
				GCC_WARN_UNDECLARED_SELECTOR = YES;
				GCC_WARN_UNINITIALIZED_AUTOS = YES_AGGRESSIVE;
				GCC_WARN_UNUSED_FUNCTION = YES;
				GCC_WARN_UNUSED_VARIABLE = YES;
				IPHONEOS_DEPLOYMENT_TARGET = 8.3;
				MTL_ENABLE_DEBUG_INFO = YES;
				ONLY_ACTIVE_ARCH = YES;
				SDKROOT = iphoneos;
				SWIFT_OPTIMIZATION_LEVEL = "-Onone";
			};
			name = Debug;
		};
		258327A71B011A480000BA0C /* Release */ = {
			isa = XCBuildConfiguration;
			buildSettings = {
				ALWAYS_SEARCH_USER_PATHS = NO;
				CLANG_CXX_LANGUAGE_STANDARD = "gnu++0x";
				CLANG_CXX_LIBRARY = "libc++";
				CLANG_ENABLE_MODULES = YES;
				CLANG_ENABLE_OBJC_ARC = YES;
				CLANG_WARN_BOOL_CONVERSION = YES;
				CLANG_WARN_CONSTANT_CONVERSION = YES;
				CLANG_WARN_DIRECT_OBJC_ISA_USAGE = YES_ERROR;
				CLANG_WARN_EMPTY_BODY = YES;
				CLANG_WARN_ENUM_CONVERSION = YES;
				CLANG_WARN_INT_CONVERSION = YES;
				CLANG_WARN_OBJC_ROOT_CLASS = YES_ERROR;
				CLANG_WARN_UNREACHABLE_CODE = YES;
				CLANG_WARN__DUPLICATE_METHOD_MATCH = YES;
				"CODE_SIGN_IDENTITY[sdk=iphoneos*]" = "iPhone Developer";
				COPY_PHASE_STRIP = NO;
				DEBUG_INFORMATION_FORMAT = "dwarf-with-dsym";
				ENABLE_NS_ASSERTIONS = NO;
				ENABLE_STRICT_OBJC_MSGSEND = YES;
				GCC_C_LANGUAGE_STANDARD = gnu99;
				GCC_NO_COMMON_BLOCKS = YES;
				GCC_WARN_64_TO_32_BIT_CONVERSION = YES;
				GCC_WARN_ABOUT_RETURN_TYPE = YES_ERROR;
				GCC_WARN_UNDECLARED_SELECTOR = YES;
				GCC_WARN_UNINITIALIZED_AUTOS = YES_AGGRESSIVE;
				GCC_WARN_UNUSED_FUNCTION = YES;
				GCC_WARN_UNUSED_VARIABLE = YES;
				IPHONEOS_DEPLOYMENT_TARGET = 8.3;
				MTL_ENABLE_DEBUG_INFO = NO;
				SDKROOT = iphoneos;
				VALIDATE_PRODUCT = YES;
			};
			name = Release;
		};
		258327A91B011A480000BA0C /* Debug */ = {
			isa = XCBuildConfiguration;
			buildSettings = {
				ASSETCATALOG_COMPILER_APPICON_NAME = AppIcon;
				INFOPLIST_FILE = "Pitch Perfect/Info.plist";
				LD_RUNPATH_SEARCH_PATHS = "$(inherited) @executable_path/Frameworks";
				PRODUCT_NAME = "$(TARGET_NAME)";
			};
			name = Debug;
		};
		258327AA1B011A480000BA0C /* Release */ = {
			isa = XCBuildConfiguration;
			buildSettings = {
				ASSETCATALOG_COMPILER_APPICON_NAME = AppIcon;
				INFOPLIST_FILE = "Pitch Perfect/Info.plist";
				LD_RUNPATH_SEARCH_PATHS = "$(inherited) @executable_path/Frameworks";
				PRODUCT_NAME = "$(TARGET_NAME)";
			};
			name = Release;
		};
		258327AC1B011A480000BA0C /* Debug */ = {
			isa = XCBuildConfiguration;
			buildSettings = {
				BUNDLE_LOADER = "$(TEST_HOST)";
				FRAMEWORK_SEARCH_PATHS = (
					"$(SDKROOT)/Developer/Library/Frameworks",
					"$(inherited)",
				);
				GCC_PREPROCESSOR_DEFINITIONS = (
					"DEBUG=1",
					"$(inherited)",
				);
				INFOPLIST_FILE = "Pitch PerfectTests/Info.plist";
				LD_RUNPATH_SEARCH_PATHS = "$(inherited) @executable_path/Frameworks @loader_path/Frameworks";
				PRODUCT_NAME = "$(TARGET_NAME)";
				TEST_HOST = "$(BUILT_PRODUCTS_DIR)/Pitch Perfect.app/Pitch Perfect";
			};
			name = Debug;
		};
		258327AD1B011A480000BA0C /* Release */ = {
			isa = XCBuildConfiguration;
			buildSettings = {
				BUNDLE_LOADER = "$(TEST_HOST)";
				FRAMEWORK_SEARCH_PATHS = (
					"$(SDKROOT)/Developer/Library/Frameworks",
					"$(inherited)",
				);
				INFOPLIST_FILE = "Pitch PerfectTests/Info.plist";
				LD_RUNPATH_SEARCH_PATHS = "$(inherited) @executable_path/Frameworks @loader_path/Frameworks";
				PRODUCT_NAME = "$(TARGET_NAME)";
				TEST_HOST = "$(BUILT_PRODUCTS_DIR)/Pitch Perfect.app/Pitch Perfect";
			};
			name = Release;
		};
/* End XCBuildConfiguration section */

/* Begin XCConfigurationList section */
		258327841B011A480000BA0C /* Build configuration list for PBXProject "Pitch Perfect" */ = {
			isa = XCConfigurationList;
			buildConfigurations = (
				258327A61B011A480000BA0C /* Debug */,
				258327A71B011A480000BA0C /* Release */,
			);
			defaultConfigurationIsVisible = 0;
			defaultConfigurationName = Release;
		};
		258327A81B011A480000BA0C /* Build configuration list for PBXNativeTarget "Pitch Perfect" */ = {
			isa = XCConfigurationList;
			buildConfigurations = (
				258327A91B011A480000BA0C /* Debug */,
				258327AA1B011A480000BA0C /* Release */,
			);
			defaultConfigurationIsVisible = 0;
			defaultConfigurationName = Release;
		};
		258327AB1B011A480000BA0C /* Build configuration list for PBXNativeTarget "Pitch PerfectTests" */ = {
			isa = XCConfigurationList;
			buildConfigurations = (
				258327AC1B011A480000BA0C /* Debug */,
				258327AD1B011A480000BA0C /* Release */,
			);
			defaultConfigurationIsVisible = 0;
			defaultConfigurationName = Release;
		};
/* End XCConfigurationList section */
	};
	rootObject = 258327811B011A480000BA0C /* Project object */;
}
